
Microsoft Visual Studio Solution File, Format Version 12.00
# Visual Studio Version 16
VisualStudioVersion = 16.0.29905.134
MinimumVisualStudioVersion = 10.0.40219.1
Project("{9A19103F-16F7-4668-BE54-9A1E7A4F7556}") = "m68k", "m68k.csproj", "{34D74CA6-C2E7-4BEA-B42F-3C9D29E118F3}"
EndProject
Global
	GlobalSection(SolutionConfigurationPlatforms) = preSolution
		Debug|Any CPU = Debug|Any CPU
		Release|Any CPU = Release|Any CPU
	EndGlobalSection
	GlobalSection(ProjectConfigurationPlatforms) = postSolution
		{34D74CA6-C2E7-4BEA-B42F-3C9D29E118F3}.Debug|Any CPU.ActiveCfg = Debug|Any CPU
		{34D74CA6-C2E7-4BEA-B42F-3C9D29E118F3}.Debug|Any CPU.Build.0 = Debug|Any CPU
		{34D74CA6-C2E7-4BEA-B42F-3C9D29E118F3}.Release|Any CPU.ActiveCfg = Release|Any CPU
		{34D74CA6-C2E7-4BEA-B42F-3C9D29E118F3}.Release|Any CPU.Build.0 = Release|Any CPU
	EndGlobalSection
	GlobalSection(SolutionProperties) = preSolution
		HideSolutionNode = FALSE
	EndGlobalSection
	GlobalSection(ExtensibilityGlobals) = postSolution
		SolutionGuid = {CE0618AC-F1C4-4CBE-956B-FFF12A3A5D1E}
	EndGlobalSection
EndGlobal
